
Microsoft Visual Studio Solution File, Format Version 12.00
# Visual Studio Version 17
VisualStudioVersion = 17.14.36301.6 d17.14
MinimumVisualStudioVersion = 10.0.40219.1
Project("{FAE04EC0-301F-11D3-BF4B-00C04F79EFBC}") = "FilmesApi", "FilmesApi.csproj", "{61ADBB7F-0153-487C-A5C0-B6447EC15B75}"
EndProject
Global
	GlobalSection(SolutionConfigurationPlatforms) = preSolution
		Debug|Any CPU = Debug|Any CPU
		Release|Any CPU = Release|Any CPU
	EndGlobalSection
	GlobalSection(ProjectConfigurationPlatforms) = postSolution
		{61ADBB7F-0153-487C-A5C0-B6447EC15B75}.Debug|Any CPU.ActiveCfg = Debug|Any CPU
		{61ADBB7F-0153-487C-A5C0-B6447EC15B75}.Debug|Any CPU.Build.0 = Debug|Any CPU
		{61ADBB7F-0153-487C-A5C0-B6447EC15B75}.Release|Any CPU.ActiveCfg = Release|Any CPU
		{61ADBB7F-0153-487C-A5C0-B6447EC15B75}.Release|Any CPU.Build.0 = Release|Any CPU
	EndGlobalSection
	GlobalSection(SolutionProperties) = preSolution
		HideSolutionNode = FALSE
	EndGlobalSection
	GlobalSection(ExtensibilityGlobals) = postSolution
		SolutionGuid = {03F3A9AC-2B98-41C0-9F13-BA86B2C59F6A}
	EndGlobalSection
EndGlobal
